{
  "../vendor/erc3643": {
    "rev": "dab1660fe594e17e83d691137ba67272534732ac"
  },
  "../vendor/onchainid": {
    "rev": "2db08420b82f355ca2d73fca2feed25f12e78c14"
  },
  "lib/forge-std": {
    "tag": {
      "name": "v1.16.1",
      "rev": "620536fa5277db4e3fd46772d5cbc1ea0696fb43"
    }
  },
  "lib/openzeppelin-contracts": {
    "tag": {
      "name": "v5.6.1",
      "rev": "5fd1781b1454fd1ef8e722282f86f9293cacf256"
    }
  }
}